
Microsoft Visual Studio Solution File, Format Version 12.00
# Visual Studio Version 17
VisualStudioVersion = 17.5.33414.496
MinimumVisualStudioVersion = 10.0.40219.1
Project("{FAE04EC0-301F-11D3-BF4B-00C04F79EFBC}") = "DogGo", "DogGo.csproj", "{19C90044-AE83-430F-854C-9D7B1E2428DB}"
EndProject
Global
	GlobalSection(SolutionConfigurationPlatforms) = preSolution
		Debug|Any CPU = Debug|Any CPU
		Release|Any CPU = Release|Any CPU
	EndGlobalSection
	GlobalSection(ProjectConfigurationPlatforms) = postSolution
		{19C90044-AE83-430F-854C-9D7B1E2428DB}.Debug|Any CPU.ActiveCfg = Debug|Any CPU
		{19C90044-AE83-430F-854C-9D7B1E2428DB}.Debug|Any CPU.Build.0 = Debug|Any CPU
		{19C90044-AE83-430F-854C-9D7B1E2428DB}.Release|Any CPU.ActiveCfg = Release|Any CPU
		{19C90044-AE83-430F-854C-9D7B1E2428DB}.Release|Any CPU.Build.0 = Release|Any CPU
	EndGlobalSection
	GlobalSection(SolutionProperties) = preSolution
		HideSolutionNode = FALSE
	EndGlobalSection
	GlobalSection(ExtensibilityGlobals) = postSolution
		SolutionGuid = {4ABD7CA7-3348-4EE5-B3FC-A18A746DF2A7}
	EndGlobalSection
EndGlobal
